
Microsoft Visual Studio Solution File, Format Version 12.00
# Visual Studio 15
VisualStudioVersion = 15.0.27004.2005
MinimumVisualStudioVersion = 10.0.40219.1
Project("{FAE04EC0-301F-11D3-BF4B-00C04F79EFBC}") = "BossTimer", "BossTimer\BossTimer.csproj", "{F98B4D9A-D2F2-442A-A707-2C1421B2F1B0}"
EndProject
Global
	GlobalSection(SolutionConfigurationPlatforms) = preSolution
		Debug|Any CPU = Debug|Any CPU
		Release|Any CPU = Release|Any CPU
	EndGlobalSection
	GlobalSection(ProjectConfigurationPlatforms) = postSolution
		{F98B4D9A-D2F2-442A-A707-2C1421B2F1B0}.Debug|Any CPU.ActiveCfg = Debug|Any CPU
		{F98B4D9A-D2F2-442A-A707-2C1421B2F1B0}.Debug|Any CPU.Build.0 = Debug|Any CPU
		{F98B4D9A-D2F2-442A-A707-2C1421B2F1B0}.Release|Any CPU.ActiveCfg = Release|Any CPU
		{F98B4D9A-D2F2-442A-A707-2C1421B2F1B0}.Release|Any CPU.Build.0 = Release|Any CPU
	EndGlobalSection
	GlobalSection(SolutionProperties) = preSolution
		HideSolutionNode = FALSE
	EndGlobalSection
	GlobalSection(ExtensibilityGlobals) = postSolution
		SolutionGuid = {5CA85404-9055-4451-901E-98801AC1DDF5}
	EndGlobalSection
EndGlobal
